
Microsoft Visual Studio Solution File, Format Version 12.00
# Visual Studio Version 16
VisualStudioVersion = 16.0.30611.23
MinimumVisualStudioVersion = 10.0.40219.1
Project("{FAE04EC0-301F-11D3-BF4B-00C04F79EFBC}") = "AcmeCorp.WebApi", "src\AcmeCorp.WebApi\AcmeCorp.WebApi.csproj", "{977FEF0B-4BCB-4EBC-B206-9322EDFEE384}"
EndProject
Project("{2150E333-8FDC-42A3-9474-1A3956D46DE8}") = "src", "src", "{7407AEF5-B43E-4F9E-AD96-024A5224B493}"
EndProject
Global
	GlobalSection(SolutionConfigurationPlatforms) = preSolution
		Debug|Any CPU = Debug|Any CPU
		Release|Any CPU = Release|Any CPU
	EndGlobalSection
	GlobalSection(ProjectConfigurationPlatforms) = postSolution
		{977FEF0B-4BCB-4EBC-B206-9322EDFEE384}.Debug|Any CPU.ActiveCfg = Debug|Any CPU
		{977FEF0B-4BCB-4EBC-B206-9322EDFEE384}.Debug|Any CPU.Build.0 = Debug|Any CPU
		{977FEF0B-4BCB-4EBC-B206-9322EDFEE384}.Release|Any CPU.ActiveCfg = Release|Any CPU
		{977FEF0B-4BCB-4EBC-B206-9322EDFEE384}.Release|Any CPU.Build.0 = Release|Any CPU
	EndGlobalSection
	GlobalSection(SolutionProperties) = preSolution
		HideSolutionNode = FALSE
	EndGlobalSection
	GlobalSection(NestedProjects) = preSolution
		{977FEF0B-4BCB-4EBC-B206-9322EDFEE384} = {7407AEF5-B43E-4F9E-AD96-024A5224B493}
	EndGlobalSection
	GlobalSection(ExtensibilityGlobals) = postSolution
		SolutionGuid = {69AD9CEB-42B5-4331-8656-E9785D18D7E1}
	EndGlobalSection
EndGlobal
